
Microsoft Visual Studio Solution File, Format Version 12.00
# Visual Studio Version 17
VisualStudioVersion = 17.0.31903.59
MinimumVisualStudioVersion = 10.0.40219.1
Project("{2150E333-8FDC-42A3-9474-1A3956D46DE8}") = "src", "src", "{D234E7EF-E6F1-46FF-8E81-B97CA03B4C67}"
EndProject
Project("{2150E333-8FDC-42A3-9474-1A3956D46DE8}") = "Gateway", "Gateway", "{963219C4-A5EC-402F-A0BA-5EA0B642016A}"
EndProject
Project("{FAE04EC0-301F-11D3-BF4B-00C04F79EFBC}") = "ApiGateway", "src\Gateway\ApiGateway\ApiGateway.csproj", "{E4B5F29F-843D-4BBE-AFB8-7437E582ABC5}"
EndProject
Project("{2150E333-8FDC-42A3-9474-1A3956D46DE8}") = "Services", "Services", "{31E650B4-55D8-4531-96C8-63749E25D5ED}"
EndProject
Project("{2150E333-8FDC-42A3-9474-1A3956D46DE8}") = "Auth", "Auth", "{761F139D-E11E-4359-9F0F-2224700B7C0F}"
EndProject
Project("{FAE04EC0-301F-11D3-BF4B-00C04F79EFBC}") = "Auth.API", "src\Services\Auth\Auth.API\Auth.API.csproj", "{CD61B634-947E-4DEB-BA7F-8F843D2E7624}"
EndProject
Project("{FAE04EC0-301F-11D3-BF4B-00C04F79EFBC}") = "Auth.Application", "src\Services\Auth\Auth.Application\Auth.Application.csproj", "{53ECDBE1-F901-47C0-931F-3D8ADB2DFBB2}"
EndProject
Project("{FAE04EC0-301F-11D3-BF4B-00C04F79EFBC}") = "Auth.Domain", "src\Services\Auth\Auth.Domain\Auth.Domain.csproj", "{82D2EE6A-90BA-4480-BDA7-693DE6E3C82D}"
EndProject
Project("{FAE04EC0-301F-11D3-BF4B-00C04F79EFBC}") = "Auth.Infrastructure", "src\Services\Auth\Auth.Infrastructure\Auth.Infrastructure.csproj", "{5B2158E0-3991-499C-A135-ECD06C36577B}"
EndProject
Project("{2150E333-8FDC-42A3-9474-1A3956D46DE8}") = "Product", "Product", "{C6B66CA7-6B8B-4858-B711-98DD7F546CD8}"
EndProject
Project("{FAE04EC0-301F-11D3-BF4B-00C04F79EFBC}") = "Product.API", "src\Services\Product\Product.API\Product.API.csproj", "{5ED79C8C-CCDC-44EF-AA02-3AED8F843284}"
EndProject
Project("{FAE04EC0-301F-11D3-BF4B-00C04F79EFBC}") = "Product.Application", "src\Services\Product\Product.Application\Product.Application.csproj", "{A65FEA2D-DE85-4907-8819-35D360EDA9BB}"
EndProject
Project("{FAE04EC0-301F-11D3-BF4B-00C04F79EFBC}") = "Product.Domain", "src\Services\Product\Product.Domain\Product.Domain.csproj", "{55EFE885-AE0D-4955-A1F7-7421436BAD73}"
EndProject
Project("{FAE04EC0-301F-11D3-BF4B-00C04F79EFBC}") = "Product.Infrastructure", "src\Services\Product\Product.Infrastructure\Product.Infrastructure.csproj", "{30B8CE9B-9F93-4147-BA67-120487F9C943}"
EndProject
Project("{2150E333-8FDC-42A3-9474-1A3956D46DE8}") = "Log", "Log", "{A44B5C4E-AEF7-4304-B8AA-876050C53A24}"
EndProject
Project("{FAE04EC0-301F-11D3-BF4B-00C04F79EFBC}") = "Log.API", "src\Services\Log\Log.API\Log.API.csproj", "{42B28A23-E470-4377-A43C-2870E9382DCA}"
EndProject
Project("{FAE04EC0-301F-11D3-BF4B-00C04F79EFBC}") = "Log.Application", "src\Services\Log\Log.Application\Log.Application.csproj", "{0D7270E4-0109-441B-9F6F-73CDC2B1E8C9}"
EndProject
Project("{FAE04EC0-301F-11D3-BF4B-00C04F79EFBC}") = "Log.Domain", "src\Services\Log\Log.Domain\Log.Domain.csproj", "{50B537E3-EB66-469B-B78D-00AADD2E636D}"
EndProject
Project("{FAE04EC0-301F-11D3-BF4B-00C04F79EFBC}") = "Log.Infrastructure", "src\Services\Log\Log.Infrastructure\Log.Infrastructure.csproj", "{92DFA1FD-28EB-40FC-8C6B-971882F42F80}"
EndProject
Project("{2150E333-8FDC-42A3-9474-1A3956D46DE8}") = "tests", "tests", "{B657FE18-46FD-4D9A-AAD5-5B455F7C67A2}"
EndProject
Project("{FAE04EC0-301F-11D3-BF4B-00C04F79EFBC}") = "Auth.UnitTests", "tests\Auth.UnitTests\Auth.UnitTests.csproj", "{8DB90C4F-4B9C-4038-803C-ACF96D9B38FE}"
EndProject
Project("{FAE04EC0-301F-11D3-BF4B-00C04F79EFBC}") = "Product.UnitTests", "tests\Product.UnitTests\Product.UnitTests.csproj", "{41ED76BD-A4D9-46C7-9430-8B8574DD81B1}"
EndProject
Global
	GlobalSection(SolutionConfigurationPlatforms) = preSolution
		Debug|Any CPU = Debug|Any CPU
		Release|Any CPU = Release|Any CPU
	EndGlobalSection
	GlobalSection(SolutionProperties) = preSolution
		HideSolutionNode = FALSE
	EndGlobalSection
	GlobalSection(ProjectConfigurationPlatforms) = postSolution
		{E4B5F29F-843D-4BBE-AFB8-7437E582ABC5}.Debug|Any CPU.ActiveCfg = Debug|Any CPU
		{E4B5F29F-843D-4BBE-AFB8-7437E582ABC5}.Debug|Any CPU.Build.0 = Debug|Any CPU
		{E4B5F29F-843D-4BBE-AFB8-7437E582ABC5}.Release|Any CPU.ActiveCfg = Release|Any CPU
		{E4B5F29F-843D-4BBE-AFB8-7437E582ABC5}.Release|Any CPU.Build.0 = Release|Any CPU
		{CD61B634-947E-4DEB-BA7F-8F843D2E7624}.Debug|Any CPU.ActiveCfg = Debug|Any CPU
		{CD61B634-947E-4DEB-BA7F-8F843D2E7624}.Debug|Any CPU.Build.0 = Debug|Any CPU
		{CD61B634-947E-4DEB-BA7F-8F843D2E7624}.Release|Any CPU.ActiveCfg = Release|Any CPU
		{CD61B634-947E-4DEB-BA7F-8F843D2E7624}.Release|Any CPU.Build.0 = Release|Any CPU
		{53ECDBE1-F901-47C0-931F-3D8ADB2DFBB2}.Debug|Any CPU.ActiveCfg = Debug|Any CPU
		{53ECDBE1-F901-47C0-931F-3D8ADB2DFBB2}.Debug|Any CPU.Build.0 = Debug|Any CPU
		{53ECDBE1-F901-47C0-931F-3D8ADB2DFBB2}.Release|Any CPU.ActiveCfg = Release|Any CPU
		{53ECDBE1-F901-47C0-931F-3D8ADB2DFBB2}.Release|Any CPU.Build.0 = Release|Any CPU
		{82D2EE6A-90BA-4480-BDA7-693DE6E3C82D}.Debug|Any CPU.ActiveCfg = Debug|Any CPU
		{82D2EE6A-90BA-4480-BDA7-693DE6E3C82D}.Debug|Any CPU.Build.0 = Debug|Any CPU
		{82D2EE6A-90BA-4480-BDA7-693DE6E3C82D}.Release|Any CPU.ActiveCfg = Release|Any CPU
		{82D2EE6A-90BA-4480-BDA7-693DE6E3C82D}.Release|Any CPU.Build.0 = Release|Any CPU
		{5B2158E0-3991-499C-A135-ECD06C36577B}.Debug|Any CPU.ActiveCfg = Debug|Any CPU
		{5B2158E0-3991-499C-A135-ECD06C36577B}.Debug|Any CPU.Build.0 = Debug|Any CPU
		{5B2158E0-3991-499C-A135-ECD06C36577B}.Release|Any CPU.ActiveCfg = Release|Any CPU
		{5B2158E0-3991-499C-A135-ECD06C36577B}.Release|Any CPU.Build.0 = Release|Any CPU
		{5ED79C8C-CCDC-44EF-AA02-3AED8F843284}.Debug|Any CPU.ActiveCfg = Debug|Any CPU
		{5ED79C8C-CCDC-44EF-AA02-3AED8F843284}.Debug|Any CPU.Build.0 = Debug|Any CPU
		{5ED79C8C-CCDC-44EF-AA02-3AED8F843284}.Release|Any CPU.ActiveCfg = Release|Any CPU
		{5ED79C8C-CCDC-44EF-AA02-3AED8F843284}.Release|Any CPU.Build.0 = Release|Any CPU
		{A65FEA2D-DE85-4907-8819-35D360EDA9BB}.Debug|Any CPU.ActiveCfg = Debug|Any CPU
		{A65FEA2D-DE85-4907-8819-35D360EDA9BB}.Debug|Any CPU.Build.0 = Debug|Any CPU
		{A65FEA2D-DE85-4907-8819-35D360EDA9BB}.Release|Any CPU.ActiveCfg = Release|Any CPU
		{A65FEA2D-DE85-4907-8819-35D360EDA9BB}.Release|Any CPU.Build.0 = Release|Any CPU
		{55EFE885-AE0D-4955-A1F7-7421436BAD73}.Debug|Any CPU.ActiveCfg = Debug|Any CPU
		{55EFE885-AE0D-4955-A1F7-7421436BAD73}.Debug|Any CPU.Build.0 = Debug|Any CPU
		{55EFE885-AE0D-4955-A1F7-7421436BAD73}.Release|Any CPU.ActiveCfg = Release|Any CPU
		{55EFE885-AE0D-4955-A1F7-7421436BAD73}.Release|Any CPU.Build.0 = Release|Any CPU
		{30B8CE9B-9F93-4147-BA67-120487F9C943}.Debug|Any CPU.ActiveCfg = Debug|Any CPU
		{30B8CE9B-9F93-4147-BA67-120487F9C943}.Debug|Any CPU.Build.0 = Debug|Any CPU
		{30B8CE9B-9F93-4147-BA67-120487F9C943}.Release|Any CPU.ActiveCfg = Release|Any CPU
		{30B8CE9B-9F93-4147-BA67-120487F9C943}.Release|Any CPU.Build.0 = Release|Any CPU
		{42B28A23-E470-4377-A43C-2870E9382DCA}.Debug|Any CPU.ActiveCfg = Debug|Any CPU
		{42B28A23-E470-4377-A43C-2870E9382DCA}.Debug|Any CPU.Build.0 = Debug|Any CPU
		{42B28A23-E470-4377-A43C-2870E9382DCA}.Release|Any CPU.ActiveCfg = Release|Any CPU
		{42B28A23-E470-4377-A43C-2870E9382DCA}.Release|Any CPU.Build.0 = Release|Any CPU
		{0D7270E4-0109-441B-9F6F-73CDC2B1E8C9}.Debug|Any CPU.ActiveCfg = Debug|Any CPU
		{0D7270E4-0109-441B-9F6F-73CDC2B1E8C9}.Debug|Any CPU.Build.0 = Debug|Any CPU
		{0D7270E4-0109-441B-9F6F-73CDC2B1E8C9}.Release|Any CPU.ActiveCfg = Release|Any CPU
		{0D7270E4-0109-441B-9F6F-73CDC2B1E8C9}.Release|Any CPU.Build.0 = Release|Any CPU
		{50B537E3-EB66-469B-B78D-00AADD2E636D}.Debug|Any CPU.ActiveCfg = Debug|Any CPU
		{50B537E3-EB66-469B-B78D-00AADD2E636D}.Debug|Any CPU.Build.0 = Debug|Any CPU
		{50B537E3-EB66-469B-B78D-00AADD2E636D}.Release|Any CPU.ActiveCfg = Release|Any CPU
		{50B537E3-EB66-469B-B78D-00AADD2E636D}.Release|Any CPU.Build.0 = Release|Any CPU
		{92DFA1FD-28EB-40FC-8C6B-971882F42F80}.Debug|Any CPU.ActiveCfg = Debug|Any CPU
		{92DFA1FD-28EB-40FC-8C6B-971882F42F80}.Debug|Any CPU.Build.0 = Debug|Any CPU
		{92DFA1FD-28EB-40FC-8C6B-971882F42F80}.Release|Any CPU.ActiveCfg = Release|Any CPU
		{92DFA1FD-28EB-40FC-8C6B-971882F42F80}.Release|Any CPU.Build.0 = Release|Any CPU
		{8DB90C4F-4B9C-4038-803C-ACF96D9B38FE}.Debug|Any CPU.ActiveCfg = Debug|Any CPU
		{8DB90C4F-4B9C-4038-803C-ACF96D9B38FE}.Debug|Any CPU.Build.0 = Debug|Any CPU
		{8DB90C4F-4B9C-4038-803C-ACF96D9B38FE}.Release|Any CPU.ActiveCfg = Release|Any CPU
		{8DB90C4F-4B9C-4038-803C-ACF96D9B38FE}.Release|Any CPU.Build.0 = Release|Any CPU
		{41ED76BD-A4D9-46C7-9430-8B8574DD81B1}.Debug|Any CPU.ActiveCfg = Debug|Any CPU
		{41ED76BD-A4D9-46C7-9430-8B8574DD81B1}.Debug|Any CPU.Build.0 = Debug|Any CPU
		{41ED76BD-A4D9-46C7-9430-8B8574DD81B1}.Release|Any CPU.ActiveCfg = Release|Any CPU
		{41ED76BD-A4D9-46C7-9430-8B8574DD81B1}.Release|Any CPU.Build.0 = Release|Any CPU
	EndGlobalSection
	GlobalSection(NestedProjects) = preSolution
		{963219C4-A5EC-402F-A0BA-5EA0B642016A} = {D234E7EF-E6F1-46FF-8E81-B97CA03B4C67}
		{E4B5F29F-843D-4BBE-AFB8-7437E582ABC5} = {963219C4-A5EC-402F-A0BA-5EA0B642016A}
		{31E650B4-55D8-4531-96C8-63749E25D5ED} = {D234E7EF-E6F1-46FF-8E81-B97CA03B4C67}
		{761F139D-E11E-4359-9F0F-2224700B7C0F} = {31E650B4-55D8-4531-96C8-63749E25D5ED}
		{CD61B634-947E-4DEB-BA7F-8F843D2E7624} = {761F139D-E11E-4359-9F0F-2224700B7C0F}
		{53ECDBE1-F901-47C0-931F-3D8ADB2DFBB2} = {761F139D-E11E-4359-9F0F-2224700B7C0F}
		{82D2EE6A-90BA-4480-BDA7-693DE6E3C82D} = {761F139D-E11E-4359-9F0F-2224700B7C0F}
		{5B2158E0-3991-499C-A135-ECD06C36577B} = {761F139D-E11E-4359-9F0F-2224700B7C0F}
		{C6B66CA7-6B8B-4858-B711-98DD7F546CD8} = {31E650B4-55D8-4531-96C8-63749E25D5ED}
		{5ED79C8C-CCDC-44EF-AA02-3AED8F843284} = {C6B66CA7-6B8B-4858-B711-98DD7F546CD8}
		{A65FEA2D-DE85-4907-8819-35D360EDA9BB} = {C6B66CA7-6B8B-4858-B711-98DD7F546CD8}
		{55EFE885-AE0D-4955-A1F7-7421436BAD73} = {C6B66CA7-6B8B-4858-B711-98DD7F546CD8}
		{30B8CE9B-9F93-4147-BA67-120487F9C943} = {C6B66CA7-6B8B-4858-B711-98DD7F546CD8}
		{A44B5C4E-AEF7-4304-B8AA-876050C53A24} = {31E650B4-55D8-4531-96C8-63749E25D5ED}
		{42B28A23-E470-4377-A43C-2870E9382DCA} = {A44B5C4E-AEF7-4304-B8AA-876050C53A24}
		{0D7270E4-0109-441B-9F6F-73CDC2B1E8C9} = {A44B5C4E-AEF7-4304-B8AA-876050C53A24}
		{50B537E3-EB66-469B-B78D-00AADD2E636D} = {A44B5C4E-AEF7-4304-B8AA-876050C53A24}
		{92DFA1FD-28EB-40FC-8C6B-971882F42F80} = {A44B5C4E-AEF7-4304-B8AA-876050C53A24}
		{8DB90C4F-4B9C-4038-803C-ACF96D9B38FE} = {B657FE18-46FD-4D9A-AAD5-5B455F7C67A2}
		{41ED76BD-A4D9-46C7-9430-8B8574DD81B1} = {B657FE18-46FD-4D9A-AAD5-5B455F7C67A2}
	EndGlobalSection
EndGlobal
